
Microsoft Visual Studio Solution File, Format Version 12.00
# Visual Studio 15
VisualStudioVersion = 15.0.27130.2027
MinimumVisualStudioVersion = 10.0.40219.1
Project("{FAE04EC0-301F-11D3-BF4B-00C04F79EFBC}") = "Secondhand.Web", "SecondhandTrade\Secondhand.Web.csproj", "{FC971900-E309-433C-8671-8B7D83E5F850}"
EndProject
Project("{FAE04EC0-301F-11D3-BF4B-00C04F79EFBC}") = "Secondhand.Domain", "Secondhand.Domain\Secondhand.Domain.csproj", "{5638E8EC-750A-4809-A4E0-54534E9AF99C}"
EndProject
Project("{FAE04EC0-301F-11D3-BF4B-00C04F79EFBC}") = "Secondhand.BusinessLogic", "Secondhand.BusinessLogic\Secondhand.BusinessLogic.csproj", "{B7F7086E-E02E-46FF-A331-32E702492161}"
EndProject
Project("{FAE04EC0-301F-11D3-BF4B-00C04F79EFBC}") = "Secondhand.Tests", "Secondhand.Tests\Secondhand.Tests.csproj", "{A2295C0A-1A3C-4237-8E77-363272A55AA3}"
EndProject
Global
	GlobalSection(SolutionConfigurationPlatforms) = preSolution
		Debug|Any CPU = Debug|Any CPU
		Release|Any CPU = Release|Any CPU
	EndGlobalSection
	GlobalSection(ProjectConfigurationPlatforms) = postSolution
		{FC971900-E309-433C-8671-8B7D83E5F850}.Debug|Any CPU.ActiveCfg = Debug|Any CPU
		{FC971900-E309-433C-8671-8B7D83E5F850}.Debug|Any CPU.Build.0 = Debug|Any CPU
		{FC971900-E309-433C-8671-8B7D83E5F850}.Release|Any CPU.ActiveCfg = Release|Any CPU
		{FC971900-E309-433C-8671-8B7D83E5F850}.Release|Any CPU.Build.0 = Release|Any CPU
		{5638E8EC-750A-4809-A4E0-54534E9AF99C}.Debug|Any CPU.ActiveCfg = Debug|Any CPU
		{5638E8EC-750A-4809-A4E0-54534E9AF99C}.Debug|Any CPU.Build.0 = Debug|Any CPU
		{5638E8EC-750A-4809-A4E0-54534E9AF99C}.Release|Any CPU.ActiveCfg = Release|Any CPU
		{5638E8EC-750A-4809-A4E0-54534E9AF99C}.Release|Any CPU.Build.0 = Release|Any CPU
		{B7F7086E-E02E-46FF-A331-32E702492161}.Debug|Any CPU.ActiveCfg = Debug|Any CPU
		{B7F7086E-E02E-46FF-A331-32E702492161}.Debug|Any CPU.Build.0 = Debug|Any CPU
		{B7F7086E-E02E-46FF-A331-32E702492161}.Release|Any CPU.ActiveCfg = Release|Any CPU
		{B7F7086E-E02E-46FF-A331-32E702492161}.Release|Any CPU.Build.0 = Release|Any CPU
		{A2295C0A-1A3C-4237-8E77-363272A55AA3}.Debug|Any CPU.ActiveCfg = Debug|Any CPU
		{A2295C0A-1A3C-4237-8E77-363272A55AA3}.Debug|Any CPU.Build.0 = Debug|Any CPU
		{A2295C0A-1A3C-4237-8E77-363272A55AA3}.Release|Any CPU.ActiveCfg = Release|Any CPU
		{A2295C0A-1A3C-4237-8E77-363272A55AA3}.Release|Any CPU.Build.0 = Release|Any CPU
	EndGlobalSection
	GlobalSection(SolutionProperties) = preSolution
		HideSolutionNode = FALSE
	EndGlobalSection
	GlobalSection(ExtensibilityGlobals) = postSolution
		SolutionGuid = {647DC750-F004-4470-8F4F-99A6AA803471}
	EndGlobalSection
EndGlobal
